
Microsoft Visual Studio Solution File, Format Version 12.00
# Visual Studio Version 16
VisualStudioVersion = 16.0.30503.244
MinimumVisualStudioVersion = 10.0.40219.1
Project("{FAE04EC0-301F-11D3-BF4B-00C04F79EFBC}") = "RscScraper", "RscScraper\RscScraper.csproj", "{D76230C2-BF5B-483F-8DE9-83F3163463CD}"
EndProject
Global
	GlobalSection(SolutionConfigurationPlatforms) = preSolution
		Debug|Any CPU = Debug|Any CPU
		Release|Any CPU = Release|Any CPU
	EndGlobalSection
	GlobalSection(ProjectConfigurationPlatforms) = postSolution
		{D76230C2-BF5B-483F-8DE9-83F3163463CD}.Debug|Any CPU.ActiveCfg = Debug|Any CPU
		{D76230C2-BF5B-483F-8DE9-83F3163463CD}.Debug|Any CPU.Build.0 = Debug|Any CPU
		{D76230C2-BF5B-483F-8DE9-83F3163463CD}.Release|Any CPU.ActiveCfg = Release|Any CPU
		{D76230C2-BF5B-483F-8DE9-83F3163463CD}.Release|Any CPU.Build.0 = Release|Any CPU
	EndGlobalSection
	GlobalSection(SolutionProperties) = preSolution
		HideSolutionNode = FALSE
	EndGlobalSection
	GlobalSection(ExtensibilityGlobals) = postSolution
		SolutionGuid = {82241D93-0BAC-48EF-89DD-A0D9E0EA378A}
	EndGlobalSection
EndGlobal
